# This file is automatically @generated by Cargo.
# It is not intended for manual editing.
[[package]]
name = "main_error"
version = "0.1.1"
source = "registry+https://github.com/rust-lang/crates.io-index"
checksum = "bb63bb1e282e0b6aba0addb1f0e87cb5181ea68142b2dfd21ba108f8e8088a64"

[[package]]
name = "trie-count"
version = "0.1.0"
dependencies = [
 "main_error",
]
